
Microsoft Visual Studio Solution File, Format Version 12.00
# Visual Studio Version 16
VisualStudioVersion = 16.0.29418.71
MinimumVisualStudioVersion = 10.0.40219.1
Project("{FAE04EC0-301F-11D3-BF4B-00C04F79EFBC}") = "Web_Portal", "Web_Portal.csproj", "{9F62AADB-A315-4FAC-B09B-37297FB9775D}"
EndProject
Global
	GlobalSection(SolutionConfigurationPlatforms) = preSolution
		Debug|Any CPU = Debug|Any CPU
		Release|Any CPU = Release|Any CPU
	EndGlobalSection
	GlobalSection(ProjectConfigurationPlatforms) = postSolution
		{9F62AADB-A315-4FAC-B09B-37297FB9775D}.Debug|Any CPU.ActiveCfg = Debug|Any CPU
		{9F62AADB-A315-4FAC-B09B-37297FB9775D}.Debug|Any CPU.Build.0 = Debug|Any CPU
		{9F62AADB-A315-4FAC-B09B-37297FB9775D}.Release|Any CPU.ActiveCfg = Release|Any CPU
		{9F62AADB-A315-4FAC-B09B-37297FB9775D}.Release|Any CPU.Build.0 = Release|Any CPU
	EndGlobalSection
	GlobalSection(SolutionProperties) = preSolution
		HideSolutionNode = FALSE
	EndGlobalSection
	GlobalSection(ExtensibilityGlobals) = postSolution
		SolutionGuid = {6685C0A1-6604-4285-AA6B-88C5DD90951A}
	EndGlobalSection
EndGlobal
